
Microsoft Visual Studio Solution File, Format Version 12.00
# Visual Studio Version 17
VisualStudioVersion = 17.3.32804.467
MinimumVisualStudioVersion = 10.0.40219.1
Project("{9A19103F-16F7-4668-BE54-9A1E7A4F7556}") = "02_Constructor", "02_Constructor\02_Constructor.csproj", "{1221E0F4-AD2E-4D6E-93F7-985470330829}"
EndProject
Project("{9A19103F-16F7-4668-BE54-9A1E7A4F7556}") = "03_this", "03_this\03_this.csproj", "{F5ED0E14-2B1D-48E2-A47C-9E03FFF1E037}"
EndProject
Project("{9A19103F-16F7-4668-BE54-9A1E7A4F7556}") = "01_Factorial", "01_Factorial\01_Factorial.csproj", "{95108C9E-BDAD-4B73-9253-B28996A7B327}"
EndProject
Project("{9A19103F-16F7-4668-BE54-9A1E7A4F7556}") = "04_withNew", "04_withNew\04_withNew.csproj", "{7CE2BB04-E08B-455A-AEA3-06D13A3D8591}"
EndProject
Project("{9A19103F-16F7-4668-BE54-9A1E7A4F7556}") = "Humon", "Humon\Humon.csproj", "{C7B54A1B-54D6-43BB-88A0-1FD019F4BF1F}"
EndProject
Project("{9A19103F-16F7-4668-BE54-9A1E7A4F7556}") = "AccessModifieryTest", "AccessModifieryTest\AccessModifieryTest.csproj", "{5F7A6526-F51D-4DED-A12A-6E722EF7110D}"
EndProject
Project("{9A19103F-16F7-4668-BE54-9A1E7A4F7556}") = "ConsoleGetKey", "ConsoleGetKey\ConsoleGetKey.csproj", "{0E252E13-DF17-4E0F-86F6-872A09BD12D4}"
EndProject
Project("{9A19103F-16F7-4668-BE54-9A1E7A4F7556}") = "05_BoxingUnboxing_Byte", "05_BoxingUnboxing_Byte\05_BoxingUnboxing_Byte.csproj", "{FB996DF7-1903-4B98-AA2E-821530ADB724}"
EndProject
Project("{9A19103F-16F7-4668-BE54-9A1E7A4F7556}") = "06_BoxingUnboxing", "06_BoxingUnboxing\06_BoxingUnboxing.csproj", "{FE9B7DED-BC8B-4897-8C98-3A755BED3A9B}"
EndProject
Project("{9A19103F-16F7-4668-BE54-9A1E7A4F7556}") = "06_BoxingUnboxingTest", "06_BoxingUnboxingTest\06_BoxingUnboxingTest.csproj", "{A2B16B5C-1914-4026-A129-E7CFA0DB828C}"
EndProject
Project("{9A19103F-16F7-4668-BE54-9A1E7A4F7556}") = "07_VarKeyword", "07_VarKeyword\07_VarKeyword.csproj", "{61405181-CFCF-4DC3-A383-8491F40E559A}"
EndProject
Project("{9A19103F-16F7-4668-BE54-9A1E7A4F7556}") = "07_VarOnTheMethodeParameter", "07_VarOnTheMethodeParameter\07_VarOnTheMethodeParameter.csproj", "{7C6348B2-DDD6-4757-A689-B46BA4654B8B}"
EndProject
Project("{9A19103F-16F7-4668-BE54-9A1E7A4F7556}") = "07_Tuple", "07_Tuple\07_Tuple.csproj", "{E7D8CD73-F380-4F10-860F-32E6B3541386}"
EndProject
Project("{9A19103F-16F7-4668-BE54-9A1E7A4F7556}") = "ConsoleApp1", "ConsoleApp1\ConsoleApp1.csproj", "{D5D83E8D-DD40-4358-A9E3-D72750ED3519}"
EndProject
Project("{9A19103F-16F7-4668-BE54-9A1E7A4F7556}") = "07_ref", "07_ref\07_ref.csproj", "{DCF0BA0B-FB44-424D-9676-FCCB6DD31859}"
EndProject
Project("{9A19103F-16F7-4668-BE54-9A1E7A4F7556}") = "MyConst", "MyConst\MyConst.csproj", "{665F4BFE-75BC-4A63-8916-383284813D96}"
EndProject
Project("{9A19103F-16F7-4668-BE54-9A1E7A4F7556}") = "MyReadOnly", "MyReadOnly\MyReadOnly.csproj", "{494462F1-4CD1-4FFC-A968-1D4744E733BF}"
EndProject
Project("{9A19103F-16F7-4668-BE54-9A1E7A4F7556}") = "ExplisitImplisit", "ExplisitImplisit\ExplisitImplisit.csproj", "{22A2C1F4-9279-4E10-B95A-8A5C9A0C2D70}"
EndProject
Project("{9A19103F-16F7-4668-BE54-9A1E7A4F7556}") = "OperatorOverloads", "OperatorOverloads\OperatorOverloads.csproj", "{587FA191-05DE-47C0-88D0-187246EBC292}"
EndProject
Project("{9A19103F-16F7-4668-BE54-9A1E7A4F7556}") = "02_OperatorOverloading", "02_OperatorOverloading\02_OperatorOverloading.csproj", "{92188E7B-CEC8-469E-8F4D-C6611CFF2EE1}"
EndProject
Project("{9A19103F-16F7-4668-BE54-9A1E7A4F7556}") = "01_Inheritance", "01_Inheritance\01_Inheritance.csproj", "{ED8472FA-9874-4262-BB18-F877DD89A7E3}"
EndProject
Project("{9A19103F-16F7-4668-BE54-9A1E7A4F7556}") = "02_Polymorphizm", "02_Polymorphizm\02_Polymorphizm.csproj", "{85418396-60CD-4B07-8B80-A6A83C9E1B03}"
EndProject
Project("{9A19103F-16F7-4668-BE54-9A1E7A4F7556}") = "ConsoleApp2_AbstractClass", "ConsoleApp2_AbstractClass\ConsoleApp2_AbstractClass.csproj", "{04704757-9430-4B1A-B163-A0C048D19F22}"
EndProject
Project("{9A19103F-16F7-4668-BE54-9A1E7A4F7556}") = "Homework", "Homework\Homework.csproj", "{BD1785B9-BCBF-45F3-8A1E-B4471743B17F}"
EndProject
Project("{9A19103F-16F7-4668-BE54-9A1E7A4F7556}") = "AbstractProject", "AbstractProject\AbstractProject.csproj", "{5047DEF5-8DAD-4F69-A763-C65465C8F518}"
EndProject
Project("{9A19103F-16F7-4668-BE54-9A1E7A4F7556}") = "CarProject", "CarProject\CarProject.csproj", "{A5E058D8-0ECA-4960-8F07-8EF68FD87805}"
EndProject
Project("{9A19103F-16F7-4668-BE54-9A1E7A4F7556}") = "01_Interface", "01_Interface\01_Interface.csproj", "{4E1C3837-786B-4A1C-9B51-47233FF9F2B0}"
EndProject
Project("{9A19103F-16F7-4668-BE54-9A1E7A4F7556}") = "02_Interface", "02_Interface\02_Interface.csproj", "{05BBC78C-869B-4264-9107-557A3581C779}"
EndProject
Project("{9A19103F-16F7-4668-BE54-9A1E7A4F7556}") = "03_Interface", "03_Interface\03_Interface.csproj", "{51D84DFF-5A01-41D0-A914-019882C0543D}"
EndProject
Project("{9A19103F-16F7-4668-BE54-9A1E7A4F7556}") = "04_Interface", "04_Interface\04_Interface.csproj", "{4BEA02B7-FD94-4C33-8995-6DBAA3F42246}"
EndProject
Project("{9A19103F-16F7-4668-BE54-9A1E7A4F7556}") = "05_Interface", "05_Interface\05_Interface.csproj", "{97234EBF-E60F-4122-979D-29C73A7E6AA6}"
EndProject
Project("{9A19103F-16F7-4668-BE54-9A1E7A4F7556}") = "06_Interface", "06_Interface\06_Interface.csproj", "{242115A9-06D3-4FA7-9247-D745F0B7702D}"
EndProject
Project("{9A19103F-16F7-4668-BE54-9A1E7A4F7556}") = "01_Object", "01_Object\01_Object.csproj", "{EF1B0909-3D2E-43A2-8EA3-008D0B432278}"
EndProject
Project("{9A19103F-16F7-4668-BE54-9A1E7A4F7556}") = "ConsoleApp2", "ConsoleApp2\ConsoleApp2.csproj", "{BBE1EAC5-C9D3-43F9-9958-7F4A37881D7F}"
EndProject
Project("{9A19103F-16F7-4668-BE54-9A1E7A4F7556}") = "02_Object", "02_Object\02_Object.csproj", "{1EF0D424-0A28-4A6B-93DF-8430B68A6216}"
EndProject
Project("{9A19103F-16F7-4668-BE54-9A1E7A4F7556}") = "01_Indexer", "01_Indexer\01_Indexer.csproj", "{FDCA5B10-4F6A-4993-A051-77F8E00A5424}"
EndProject
Project("{9A19103F-16F7-4668-BE54-9A1E7A4F7556}") = "02_Indexer", "02_Indexer\02_Indexer.csproj", "{4EE2EE1A-54FB-4D74-8D6A-2407EC55C65E}"
EndProject
Project("{9A19103F-16F7-4668-BE54-9A1E7A4F7556}") = "03_Indexer", "03_Indexer\03_Indexer.csproj", "{42D4BF62-4573-46A4-84E4-955BA7DEA806}"
EndProject
Project("{9A19103F-16F7-4668-BE54-9A1E7A4F7556}") = "Calculate", "Calculate\Calculate.csproj", "{17AFE4FC-3D09-4B35-9CA9-7846751D9030}"
EndProject
Project("{9A19103F-16F7-4668-BE54-9A1E7A4F7556}") = "Calculus", "Calculus\Calculus.csproj", "{215A4B92-5318-4539-B639-B03E9FB3851E}"
EndProject
Project("{9A19103F-16F7-4668-BE54-9A1E7A4F7556}") = "CalcForm", "CalcForm\CalcForm.csproj", "{5FBBA0D8-9717-4E57-A281-14C3DAA7276C}"
EndProject
Project("{9A19103F-16F7-4668-BE54-9A1E7A4F7556}") = "01_Extention", "01_Extention\01_Extention.csproj", "{EEAEA1C6-F49D-4A56-8212-D78BB8E2A45F}"
EndProject
Project("{9A19103F-16F7-4668-BE54-9A1E7A4F7556}") = "TempletePattern", "TempletePattern\TempletePattern.csproj", "{B2DC011F-49C3-4C95-A628-7D7730B817A1}"
EndProject
Project("{9A19103F-16F7-4668-BE54-9A1E7A4F7556}") = "01_StratagyPatern", "StratagyPatern\01_StratagyPatern.csproj", "{A19403D8-7D90-4C41-88BC-9D76FBE8661D}"
EndProject
Project("{9A19103F-16F7-4668-BE54-9A1E7A4F7556}") = "02_StratagyPAtern", "02_StratagyPAtern\02_StratagyPAtern.csproj", "{5A3D1CAF-FE5F-4249-BEFB-42A4B5160F07}"
EndProject
Project("{9A19103F-16F7-4668-BE54-9A1E7A4F7556}") = "01_IEnumerable", "01_IEnumerable\01_IEnumerable.csproj", "{5F325C11-5507-4E48-B85D-AB7B458ED7CB}"
EndProject
Project("{9A19103F-16F7-4668-BE54-9A1E7A4F7556}") = "03_WithoutForeach", "03_WithoutForeach\03_WithoutForeach.csproj", "{09F9096D-82B8-4B2D-910E-1419119F24C2}"
EndProject
Project("{9A19103F-16F7-4668-BE54-9A1E7A4F7556}") = "ICompareable", "ICompareable\ICompareable.csproj", "{7D170E6B-A552-4BE7-AF89-CF5D15D577DE}"
EndProject
Project("{9A19103F-16F7-4668-BE54-9A1E7A4F7556}") = "IClonable", "IClonable\IClonable.csproj", "{DC600F99-86F4-417C-BC35-65808CE29242}"
EndProject
Project("{9A19103F-16F7-4668-BE54-9A1E7A4F7556}") = "YieldIterator", "YieldIterator\YieldIterator.csproj", "{CEC084C7-23EC-4978-AF76-050DAFBC03FF}"
EndProject
Project("{9A19103F-16F7-4668-BE54-9A1E7A4F7556}") = "01_RegEx", "01_RegEx\01_RegEx.csproj", "{C2313DF7-FC78-4237-B37B-A7756A4BCD4C}"
EndProject
Project("{9A19103F-16F7-4668-BE54-9A1E7A4F7556}") = "02_RegEx", "02_RegEx\02_RegEx.csproj", "{A9F03C74-6790-43A4-BA47-94B29A579D2F}"
EndProject
Project("{9A19103F-16F7-4668-BE54-9A1E7A4F7556}") = "01_Delegate", "01_Delegate\01_Delegate.csproj", "{C58C7400-6C3D-4E70-B144-11E5560D1928}"
EndProject
Project("{9A19103F-16F7-4668-BE54-9A1E7A4F7556}") = "02_MultyDelegate", "02_MultyDelegate\02_MultyDelegate.csproj", "{074A331C-0CBB-4A8E-8F69-917305A290BB}"
EndProject
Project("{9A19103F-16F7-4668-BE54-9A1E7A4F7556}") = "03_DelegateExample", "03_DelegateExample\03_DelegateExample.csproj", "{987E2F4F-83B5-48F2-B056-98507D72C4D5}"
EndProject
Project("{9A19103F-16F7-4668-BE54-9A1E7A4F7556}") = "04_DelegateAsParameter", "04_DelegateAsParameter\04_DelegateAsParameter.csproj", "{24E5568A-BF34-4033-881D-61F47F64E2A0}"
EndProject
Project("{9A19103F-16F7-4668-BE54-9A1E7A4F7556}") = "05_AnonimusMethods", "05_AnonimusMethods\05_AnonimusMethods.csproj", "{610A6233-9D66-431C-94D9-D8ACCBAD8F1C}"
EndProject
Project("{9A19103F-16F7-4668-BE54-9A1E7A4F7556}") = "06_AnonimusMethodsExample", "06_AnonimusMethodsExample\06_AnonimusMethodsExample.csproj", "{AF775401-0441-4149-BC33-2F1EFF283D7C}"
EndProject
Project("{9A19103F-16F7-4668-BE54-9A1E7A4F7556}") = "07_AnanimusMethodWithDelegate", "07_AnanimusMethodWithDelegate\07_AnanimusMethodWithDelegate.csproj", "{0D58C82B-0E35-4BDB-9C72-D2F9ADAAABCA}"
EndProject
Project("{9A19103F-16F7-4668-BE54-9A1E7A4F7556}") = "08_RafOutOnDelegateParameter", "ConsoleApp3\08_RafOutOnDelegateParameter.csproj", "{885E9307-9323-4B13-B641-FE1AE142C52E}"
EndProject
Project("{9A19103F-16F7-4668-BE54-9A1E7A4F7556}") = "09_DelegateAsReturnType", "09_DelegateAsReturnType\09_DelegateAsReturnType.csproj", "{D0B2D088-D04B-4B1C-BAF8-FBEB854B5094}"
EndProject
Project("{9A19103F-16F7-4668-BE54-9A1E7A4F7556}") = "01_Lambda", "01_Lambda\01_Lambda.csproj", "{B64D6EED-DC6D-4D3D-9F45-4639D3B8D2AC}"
EndProject
Project("{9A19103F-16F7-4668-BE54-9A1E7A4F7556}") = "10_LambdaintheSwich", "10_LambdaintheSwich\10_LambdaintheSwich.csproj", "{259A5269-E552-40BC-A30D-86338CF006C7}"
EndProject
Project("{9A19103F-16F7-4668-BE54-9A1E7A4F7556}") = "11_LambdaWithRef", "11_LambdaWithRef\11_LambdaWithRef.csproj", "{7D2D530A-2BF1-4879-9AEA-47893631DDD2}"
EndProject
Project("{9A19103F-16F7-4668-BE54-9A1E7A4F7556}") = "12_LambdaWIthMethod", "12_LambdaWIthMethod\12_LambdaWIthMethod.csproj", "{5A958EA7-B124-4225-8CB4-4BD5DA09746D}"
EndProject
Project("{FAE04EC0-301F-11D3-BF4B-00C04F79EFBC}") = "01_TicTac", "01_TicTac\01_TicTac.csproj", "{6C80DCA8-FD28-45E2-9CCE-13197781FD95}"
EndProject
Project("{9A19103F-16F7-4668-BE54-9A1E7A4F7556}") = "04_Event", "04_Event\04_Event.csproj", "{814E4DD7-5EF4-42C5-83AA-A5AE68C9A485}"
EndProject
Project("{9A19103F-16F7-4668-BE54-9A1E7A4F7556}") = "05_EventArgs$EventHandler", "05_EventArgs$EventHandler\05_EventArgs$EventHandler.csproj", "{ED0A4F7C-6C39-4D6D-8715-73826063DE9A}"
EndProject
Project("{9A19103F-16F7-4668-BE54-9A1E7A4F7556}") = "01_Part1Event", "01_Part1Event\01_Part1Event.csproj", "{7B9AABC5-06FC-4512-87F1-763B48AD7827}"
EndProject
Project("{9A19103F-16F7-4668-BE54-9A1E7A4F7556}") = "Action, Func", "Action, Func\Action, Func.csproj", "{C69F0836-B2D1-4A76-A07E-BF88C03589C2}"
EndProject
Project("{9A19103F-16F7-4668-BE54-9A1E7A4F7556}") = "01_trytryTrow", "01_trytryTrow\01_trytryTrow.csproj", "{68E1BC21-CEA8-4E49-8553-70B3563BDDEB}"
EndProject
Project("{9A19103F-16F7-4668-BE54-9A1E7A4F7556}") = "02_MyException", "02_MyException\02_MyException.csproj", "{984FCBE7-96B9-489D-A45D-082594470F5C}"
EndProject
Project("{9A19103F-16F7-4668-BE54-9A1E7A4F7556}") = "01_CompositionANDAggregation", "01_Composition\01_CompositionANDAggregation.csproj", "{78469225-9BC6-4ACA-8EDB-671FE9DBD9AD}"
EndProject
Project("{9A19103F-16F7-4668-BE54-9A1E7A4F7556}") = "01_RecordType", "01_RecordType\01_RecordType.csproj", "{7C1CD719-83E1-4287-B2B7-17776E41AABD}"
EndProject
Project("{9A19103F-16F7-4668-BE54-9A1E7A4F7556}") = "01_Generaic", "01_Generaic\01_Generaic.csproj", "{8646EFD0-AC9F-4E19-8205-9C70E3C7306A}"
EndProject
Project("{9A19103F-16F7-4668-BE54-9A1E7A4F7556}") = "02_Generic", "02_Generic\02_Generic.csproj", "{ED100960-EFE5-485F-9F0C-520F9E509714}"
EndProject
Project("{9A19103F-16F7-4668-BE54-9A1E7A4F7556}") = "03_Generic", "03_Generic\03_Generic.csproj", "{EFDE7ABD-264D-45D2-93DA-35AA912CE715}"
EndProject
Project("{9A19103F-16F7-4668-BE54-9A1E7A4F7556}") = "01_DataStructure", "01_DataStructure\01_DataStructure.csproj", "{BC810A6F-B4ED-41AC-A483-40B78697B50E}"
EndProject
Project("{FAE04EC0-301F-11D3-BF4B-00C04F79EFBC}") = "QuickSort", "QuickSort\QuickSort.csproj", "{91B1C70C-1EA8-4716-BD22-C5708FDD6BC2}"
EndProject
Global
	GlobalSection(SolutionConfigurationPlatforms) = preSolution
		Debug|Any CPU = Debug|Any CPU
		Release|Any CPU = Release|Any CPU
	EndGlobalSection
	GlobalSection(ProjectConfigurationPlatforms) = postSolution
		{1221E0F4-AD2E-4D6E-93F7-985470330829}.Debug|Any CPU.ActiveCfg = Debug|Any CPU
		{1221E0F4-AD2E-4D6E-93F7-985470330829}.Debug|Any CPU.Build.0 = Debug|Any CPU
		{1221E0F4-AD2E-4D6E-93F7-985470330829}.Release|Any CPU.ActiveCfg = Release|Any CPU
		{1221E0F4-AD2E-4D6E-93F7-985470330829}.Release|Any CPU.Build.0 = Release|Any CPU
		{F5ED0E14-2B1D-48E2-A47C-9E03FFF1E037}.Debug|Any CPU.ActiveCfg = Debug|Any CPU
		{F5ED0E14-2B1D-48E2-A47C-9E03FFF1E037}.Debug|Any CPU.Build.0 = Debug|Any CPU
		{F5ED0E14-2B1D-48E2-A47C-9E03FFF1E037}.Release|Any CPU.ActiveCfg = Release|Any CPU
		{F5ED0E14-2B1D-48E2-A47C-9E03FFF1E037}.Release|Any CPU.Build.0 = Release|Any CPU
		{95108C9E-BDAD-4B73-9253-B28996A7B327}.Debug|Any CPU.ActiveCfg = Debug|Any CPU
		{95108C9E-BDAD-4B73-9253-B28996A7B327}.Debug|Any CPU.Build.0 = Debug|Any CPU
		{95108C9E-BDAD-4B73-9253-B28996A7B327}.Release|Any CPU.ActiveCfg = Release|Any CPU
		{95108C9E-BDAD-4B73-9253-B28996A7B327}.Release|Any CPU.Build.0 = Release|Any CPU
		{7CE2BB04-E08B-455A-AEA3-06D13A3D8591}.Debug|Any CPU.ActiveCfg = Debug|Any CPU
		{7CE2BB04-E08B-455A-AEA3-06D13A3D8591}.Debug|Any CPU.Build.0 = Debug|Any CPU
		{7CE2BB04-E08B-455A-AEA3-06D13A3D8591}.Release|Any CPU.ActiveCfg = Release|Any CPU
		{7CE2BB04-E08B-455A-AEA3-06D13A3D8591}.Release|Any CPU.Build.0 = Release|Any CPU
		{C7B54A1B-54D6-43BB-88A0-1FD019F4BF1F}.Debug|Any CPU.ActiveCfg = Debug|Any CPU
		{C7B54A1B-54D6-43BB-88A0-1FD019F4BF1F}.Debug|Any CPU.Build.0 = Debug|Any CPU
		{C7B54A1B-54D6-43BB-88A0-1FD019F4BF1F}.Release|Any CPU.ActiveCfg = Release|Any CPU
		{C7B54A1B-54D6-43BB-88A0-1FD019F4BF1F}.Release|Any CPU.Build.0 = Release|Any CPU
		{5F7A6526-F51D-4DED-A12A-6E722EF7110D}.Debug|Any CPU.ActiveCfg = Debug|Any CPU
		{5F7A6526-F51D-4DED-A12A-6E722EF7110D}.Debug|Any CPU.Build.0 = Debug|Any CPU
		{5F7A6526-F51D-4DED-A12A-6E722EF7110D}.Release|Any CPU.ActiveCfg = Release|Any CPU
		{5F7A6526-F51D-4DED-A12A-6E722EF7110D}.Release|Any CPU.Build.0 = Release|Any CPU
		{0E252E13-DF17-4E0F-86F6-872A09BD12D4}.Debug|Any CPU.ActiveCfg = Debug|Any CPU
		{0E252E13-DF17-4E0F-86F6-872A09BD12D4}.Debug|Any CPU.Build.0 = Debug|Any CPU
		{0E252E13-DF17-4E0F-86F6-872A09BD12D4}.Release|Any CPU.ActiveCfg = Release|Any CPU
		{0E252E13-DF17-4E0F-86F6-872A09BD12D4}.Release|Any CPU.Build.0 = Release|Any CPU
		{FB996DF7-1903-4B98-AA2E-821530ADB724}.Debug|Any CPU.ActiveCfg = Debug|Any CPU
		{FB996DF7-1903-4B98-AA2E-821530ADB724}.Debug|Any CPU.Build.0 = Debug|Any CPU
		{FB996DF7-1903-4B98-AA2E-821530ADB724}.Release|Any CPU.ActiveCfg = Release|Any CPU
		{FB996DF7-1903-4B98-AA2E-821530ADB724}.Release|Any CPU.Build.0 = Release|Any CPU
		{FE9B7DED-BC8B-4897-8C98-3A755BED3A9B}.Debug|Any CPU.ActiveCfg = Debug|Any CPU
		{FE9B7DED-BC8B-4897-8C98-3A755BED3A9B}.Debug|Any CPU.Build.0 = Debug|Any CPU
		{FE9B7DED-BC8B-4897-8C98-3A755BED3A9B}.Release|Any CPU.ActiveCfg = Release|Any CPU
		{FE9B7DED-BC8B-4897-8C98-3A755BED3A9B}.Release|Any CPU.Build.0 = Release|Any CPU
		{A2B16B5C-1914-4026-A129-E7CFA0DB828C}.Debug|Any CPU.ActiveCfg = Debug|Any CPU
		{A2B16B5C-1914-4026-A129-E7CFA0DB828C}.Debug|Any CPU.Build.0 = Debug|Any CPU
		{A2B16B5C-1914-4026-A129-E7CFA0DB828C}.Release|Any CPU.ActiveCfg = Release|Any CPU
		{A2B16B5C-1914-4026-A129-E7CFA0DB828C}.Release|Any CPU.Build.0 = Release|Any CPU
		{61405181-CFCF-4DC3-A383-8491F40E559A}.Debug|Any CPU.ActiveCfg = Debug|Any CPU
		{61405181-CFCF-4DC3-A383-8491F40E559A}.Debug|Any CPU.Build.0 = Debug|Any CPU
		{61405181-CFCF-4DC3-A383-8491F40E559A}.Release|Any CPU.ActiveCfg = Release|Any CPU
		{61405181-CFCF-4DC3-A383-8491F40E559A}.Release|Any CPU.Build.0 = Release|Any CPU
		{7C6348B2-DDD6-4757-A689-B46BA4654B8B}.Debug|Any CPU.ActiveCfg = Debug|Any CPU
		{7C6348B2-DDD6-4757-A689-B46BA4654B8B}.Debug|Any CPU.Build.0 = Debug|Any CPU
		{7C6348B2-DDD6-4757-A689-B46BA4654B8B}.Release|Any CPU.ActiveCfg = Release|Any CPU
		{7C6348B2-DDD6-4757-A689-B46BA4654B8B}.Release|Any CPU.Build.0 = Release|Any CPU
		{E7D8CD73-F380-4F10-860F-32E6B3541386}.Debug|Any CPU.ActiveCfg = Debug|Any CPU
		{E7D8CD73-F380-4F10-860F-32E6B3541386}.Debug|Any CPU.Build.0 = Debug|Any CPU
		{E7D8CD73-F380-4F10-860F-32E6B3541386}.Release|Any CPU.ActiveCfg = Release|Any CPU
		{E7D8CD73-F380-4F10-860F-32E6B3541386}.Release|Any CPU.Build.0 = Release|Any CPU
		{D5D83E8D-DD40-4358-A9E3-D72750ED3519}.Debug|Any CPU.ActiveCfg = Debug|Any CPU
		{D5D83E8D-DD40-4358-A9E3-D72750ED3519}.Debug|Any CPU.Build.0 = Debug|Any CPU
		{D5D83E8D-DD40-4358-A9E3-D72750ED3519}.Release|Any CPU.ActiveCfg = Release|Any CPU
		{D5D83E8D-DD40-4358-A9E3-D72750ED3519}.Release|Any CPU.Build.0 = Release|Any CPU
		{DCF0BA0B-FB44-424D-9676-FCCB6DD31859}.Debug|Any CPU.ActiveCfg = Debug|Any CPU
		{DCF0BA0B-FB44-424D-9676-FCCB6DD31859}.Debug|Any CPU.Build.0 = Debug|Any CPU
		{DCF0BA0B-FB44-424D-9676-FCCB6DD31859}.Release|Any CPU.ActiveCfg = Release|Any CPU
		{DCF0BA0B-FB44-424D-9676-FCCB6DD31859}.Release|Any CPU.Build.0 = Release|Any CPU
		{665F4BFE-75BC-4A63-8916-383284813D96}.Debug|Any CPU.ActiveCfg = Debug|Any CPU
		{665F4BFE-75BC-4A63-8916-383284813D96}.Debug|Any CPU.Build.0 = Debug|Any CPU
		{665F4BFE-75BC-4A63-8916-383284813D96}.Release|Any CPU.ActiveCfg = Release|Any CPU
		{665F4BFE-75BC-4A63-8916-383284813D96}.Release|Any CPU.Build.0 = Release|Any CPU
		{494462F1-4CD1-4FFC-A968-1D4744E733BF}.Debug|Any CPU.ActiveCfg = Debug|Any CPU
		{494462F1-4CD1-4FFC-A968-1D4744E733BF}.Debug|Any CPU.Build.0 = Debug|Any CPU
		{494462F1-4CD1-4FFC-A968-1D4744E733BF}.Release|Any CPU.ActiveCfg = Release|Any CPU
		{494462F1-4CD1-4FFC-A968-1D4744E733BF}.Release|Any CPU.Build.0 = Release|Any CPU
		{22A2C1F4-9279-4E10-B95A-8A5C9A0C2D70}.Debug|Any CPU.ActiveCfg = Debug|Any CPU
		{22A2C1F4-9279-4E10-B95A-8A5C9A0C2D70}.Debug|Any CPU.Build.0 = Debug|Any CPU
		{22A2C1F4-9279-4E10-B95A-8A5C9A0C2D70}.Release|Any CPU.ActiveCfg = Release|Any CPU
		{22A2C1F4-9279-4E10-B95A-8A5C9A0C2D70}.Release|Any CPU.Build.0 = Release|Any CPU
		{587FA191-05DE-47C0-88D0-187246EBC292}.Debug|Any CPU.ActiveCfg = Debug|Any CPU
		{587FA191-05DE-47C0-88D0-187246EBC292}.Debug|Any CPU.Build.0 = Debug|Any CPU
		{587FA191-05DE-47C0-88D0-187246EBC292}.Release|Any CPU.ActiveCfg = Release|Any CPU
		{587FA191-05DE-47C0-88D0-187246EBC292}.Release|Any CPU.Build.0 = Release|Any CPU
		{92188E7B-CEC8-469E-8F4D-C6611CFF2EE1}.Debug|Any CPU.ActiveCfg = Debug|Any CPU
		{92188E7B-CEC8-469E-8F4D-C6611CFF2EE1}.Debug|Any CPU.Build.0 = Debug|Any CPU
		{92188E7B-CEC8-469E-8F4D-C6611CFF2EE1}.Release|Any CPU.ActiveCfg = Release|Any CPU
		{92188E7B-CEC8-469E-8F4D-C6611CFF2EE1}.Release|Any CPU.Build.0 = Release|Any CPU
		{ED8472FA-9874-4262-BB18-F877DD89A7E3}.Debug|Any CPU.ActiveCfg = Debug|Any CPU
		{ED8472FA-9874-4262-BB18-F877DD89A7E3}.Debug|Any CPU.Build.0 = Debug|Any CPU
		{ED8472FA-9874-4262-BB18-F877DD89A7E3}.Release|Any CPU.ActiveCfg = Release|Any CPU
		{ED8472FA-9874-4262-BB18-F877DD89A7E3}.Release|Any CPU.Build.0 = Release|Any CPU
		{85418396-60CD-4B07-8B80-A6A83C9E1B03}.Debug|Any CPU.ActiveCfg = Debug|Any CPU
		{85418396-60CD-4B07-8B80-A6A83C9E1B03}.Debug|Any CPU.Build.0 = Debug|Any CPU
		{85418396-60CD-4B07-8B80-A6A83C9E1B03}.Release|Any CPU.ActiveCfg = Release|Any CPU
		{85418396-60CD-4B07-8B80-A6A83C9E1B03}.Release|Any CPU.Build.0 = Release|Any CPU
		{04704757-9430-4B1A-B163-A0C048D19F22}.Debug|Any CPU.ActiveCfg = Debug|Any CPU
		{04704757-9430-4B1A-B163-A0C048D19F22}.Debug|Any CPU.Build.0 = Debug|Any CPU
		{04704757-9430-4B1A-B163-A0C048D19F22}.Release|Any CPU.ActiveCfg = Release|Any CPU
		{04704757-9430-4B1A-B163-A0C048D19F22}.Release|Any CPU.Build.0 = Release|Any CPU
		{BD1785B9-BCBF-45F3-8A1E-B4471743B17F}.Debug|Any CPU.ActiveCfg = Debug|Any CPU
		{BD1785B9-BCBF-45F3-8A1E-B4471743B17F}.Debug|Any CPU.Build.0 = Debug|Any CPU
		{BD1785B9-BCBF-45F3-8A1E-B4471743B17F}.Release|Any CPU.ActiveCfg = Release|Any CPU
		{BD1785B9-BCBF-45F3-8A1E-B4471743B17F}.Release|Any CPU.Build.0 = Release|Any CPU
		{5047DEF5-8DAD-4F69-A763-C65465C8F518}.Debug|Any CPU.ActiveCfg = Debug|Any CPU
		{5047DEF5-8DAD-4F69-A763-C65465C8F518}.Debug|Any CPU.Build.0 = Debug|Any CPU
		{5047DEF5-8DAD-4F69-A763-C65465C8F518}.Release|Any CPU.ActiveCfg = Release|Any CPU
		{5047DEF5-8DAD-4F69-A763-C65465C8F518}.Release|Any CPU.Build.0 = Release|Any CPU
		{A5E058D8-0ECA-4960-8F07-8EF68FD87805}.Debug|Any CPU.ActiveCfg = Debug|Any CPU
		{A5E058D8-0ECA-4960-8F07-8EF68FD87805}.Debug|Any CPU.Build.0 = Debug|Any CPU
		{A5E058D8-0ECA-4960-8F07-8EF68FD87805}.Release|Any CPU.ActiveCfg = Release|Any CPU
		{A5E058D8-0ECA-4960-8F07-8EF68FD87805}.Release|Any CPU.Build.0 = Release|Any CPU
		{4E1C3837-786B-4A1C-9B51-47233FF9F2B0}.Debug|Any CPU.ActiveCfg = Debug|Any CPU
		{4E1C3837-786B-4A1C-9B51-47233FF9F2B0}.Debug|Any CPU.Build.0 = Debug|Any CPU
		{4E1C3837-786B-4A1C-9B51-47233FF9F2B0}.Release|Any CPU.ActiveCfg = Release|Any CPU
		{4E1C3837-786B-4A1C-9B51-47233FF9F2B0}.Release|Any CPU.Build.0 = Release|Any CPU
		{05BBC78C-869B-4264-9107-557A3581C779}.Debug|Any CPU.ActiveCfg = Debug|Any CPU
		{05BBC78C-869B-4264-9107-557A3581C779}.Debug|Any CPU.Build.0 = Debug|Any CPU
		{05BBC78C-869B-4264-9107-557A3581C779}.Release|Any CPU.ActiveCfg = Release|Any CPU
		{05BBC78C-869B-4264-9107-557A3581C779}.Release|Any CPU.Build.0 = Release|Any CPU
		{51D84DFF-5A01-41D0-A914-019882C0543D}.Debug|Any CPU.ActiveCfg = Debug|Any CPU
		{51D84DFF-5A01-41D0-A914-019882C0543D}.Debug|Any CPU.Build.0 = Debug|Any CPU
		{51D84DFF-5A01-41D0-A914-019882C0543D}.Release|Any CPU.ActiveCfg = Release|Any CPU
		{51D84DFF-5A01-41D0-A914-019882C0543D}.Release|Any CPU.Build.0 = Release|Any CPU
		{4BEA02B7-FD94-4C33-8995-6DBAA3F42246}.Debug|Any CPU.ActiveCfg = Debug|Any CPU
		{4BEA02B7-FD94-4C33-8995-6DBAA3F42246}.Debug|Any CPU.Build.0 = Debug|Any CPU
		{4BEA02B7-FD94-4C33-8995-6DBAA3F42246}.Release|Any CPU.ActiveCfg = Release|Any CPU
		{4BEA02B7-FD94-4C33-8995-6DBAA3F42246}.Release|Any CPU.Build.0 = Release|Any CPU
		{97234EBF-E60F-4122-979D-29C73A7E6AA6}.Debug|Any CPU.ActiveCfg = Debug|Any CPU
		{97234EBF-E60F-4122-979D-29C73A7E6AA6}.Debug|Any CPU.Build.0 = Debug|Any CPU
		{97234EBF-E60F-4122-979D-29C73A7E6AA6}.Release|Any CPU.ActiveCfg = Release|Any CPU
		{97234EBF-E60F-4122-979D-29C73A7E6AA6}.Release|Any CPU.Build.0 = Release|Any CPU
		{242115A9-06D3-4FA7-9247-D745F0B7702D}.Debug|Any CPU.ActiveCfg = Debug|Any CPU
		{242115A9-06D3-4FA7-9247-D745F0B7702D}.Debug|Any CPU.Build.0 = Debug|Any CPU
		{242115A9-06D3-4FA7-9247-D745F0B7702D}.Release|Any CPU.ActiveCfg = Release|Any CPU
		{242115A9-06D3-4FA7-9247-D745F0B7702D}.Release|Any CPU.Build.0 = Release|Any CPU
		{EF1B0909-3D2E-43A2-8EA3-008D0B432278}.Debug|Any CPU.ActiveCfg = Debug|Any CPU
		{EF1B0909-3D2E-43A2-8EA3-008D0B432278}.Debug|Any CPU.Build.0 = Debug|Any CPU
		{EF1B0909-3D2E-43A2-8EA3-008D0B432278}.Release|Any CPU.ActiveCfg = Release|Any CPU
		{EF1B0909-3D2E-43A2-8EA3-008D0B432278}.Release|Any CPU.Build.0 = Release|Any CPU
		{BBE1EAC5-C9D3-43F9-9958-7F4A37881D7F}.Debug|Any CPU.ActiveCfg = Debug|Any CPU
		{BBE1EAC5-C9D3-43F9-9958-7F4A37881D7F}.Debug|Any CPU.Build.0 = Debug|Any CPU
		{BBE1EAC5-C9D3-43F9-9958-7F4A37881D7F}.Release|Any CPU.ActiveCfg = Release|Any CPU
		{BBE1EAC5-C9D3-43F9-9958-7F4A37881D7F}.Release|Any CPU.Build.0 = Release|Any CPU
		{1EF0D424-0A28-4A6B-93DF-8430B68A6216}.Debug|Any CPU.ActiveCfg = Debug|Any CPU
		{1EF0D424-0A28-4A6B-93DF-8430B68A6216}.Debug|Any CPU.Build.0 = Debug|Any CPU
		{1EF0D424-0A28-4A6B-93DF-8430B68A6216}.Release|Any CPU.ActiveCfg = Release|Any CPU
		{1EF0D424-0A28-4A6B-93DF-8430B68A6216}.Release|Any CPU.Build.0 = Release|Any CPU
		{FDCA5B10-4F6A-4993-A051-77F8E00A5424}.Debug|Any CPU.ActiveCfg = Debug|Any CPU
		{FDCA5B10-4F6A-4993-A051-77F8E00A5424}.Debug|Any CPU.Build.0 = Debug|Any CPU
		{FDCA5B10-4F6A-4993-A051-77F8E00A5424}.Release|Any CPU.ActiveCfg = Release|Any CPU
		{FDCA5B10-4F6A-4993-A051-77F8E00A5424}.Release|Any CPU.Build.0 = Release|Any CPU
		{4EE2EE1A-54FB-4D74-8D6A-2407EC55C65E}.Debug|Any CPU.ActiveCfg = Debug|Any CPU
		{4EE2EE1A-54FB-4D74-8D6A-2407EC55C65E}.Debug|Any CPU.Build.0 = Debug|Any CPU
		{4EE2EE1A-54FB-4D74-8D6A-2407EC55C65E}.Release|Any CPU.ActiveCfg = Release|Any CPU
		{4EE2EE1A-54FB-4D74-8D6A-2407EC55C65E}.Release|Any CPU.Build.0 = Release|Any CPU
		{42D4BF62-4573-46A4-84E4-955BA7DEA806}.Debug|Any CPU.ActiveCfg = Debug|Any CPU
		{42D4BF62-4573-46A4-84E4-955BA7DEA806}.Debug|Any CPU.Build.0 = Debug|Any CPU
		{42D4BF62-4573-46A4-84E4-955BA7DEA806}.Release|Any CPU.ActiveCfg = Release|Any CPU
		{42D4BF62-4573-46A4-84E4-955BA7DEA806}.Release|Any CPU.Build.0 = Release|Any CPU
		{17AFE4FC-3D09-4B35-9CA9-7846751D9030}.Debug|Any CPU.ActiveCfg = Debug|Any CPU
		{17AFE4FC-3D09-4B35-9CA9-7846751D9030}.Debug|Any CPU.Build.0 = Debug|Any CPU
		{17AFE4FC-3D09-4B35-9CA9-7846751D9030}.Release|Any CPU.ActiveCfg = Release|Any CPU
		{17AFE4FC-3D09-4B35-9CA9-7846751D9030}.Release|Any CPU.Build.0 = Release|Any CPU
		{215A4B92-5318-4539-B639-B03E9FB3851E}.Debug|Any CPU.ActiveCfg = Debug|Any CPU
		{215A4B92-5318-4539-B639-B03E9FB3851E}.Debug|Any CPU.Build.0 = Debug|Any CPU
		{215A4B92-5318-4539-B639-B03E9FB3851E}.Release|Any CPU.ActiveCfg = Release|Any CPU
		{215A4B92-5318-4539-B639-B03E9FB3851E}.Release|Any CPU.Build.0 = Release|Any CPU
		{5FBBA0D8-9717-4E57-A281-14C3DAA7276C}.Debug|Any CPU.ActiveCfg = Debug|Any CPU
		{5FBBA0D8-9717-4E57-A281-14C3DAA7276C}.Debug|Any CPU.Build.0 = Debug|Any CPU
		{5FBBA0D8-9717-4E57-A281-14C3DAA7276C}.Release|Any CPU.ActiveCfg = Release|Any CPU
		{5FBBA0D8-9717-4E57-A281-14C3DAA7276C}.Release|Any CPU.Build.0 = Release|Any CPU
		{EEAEA1C6-F49D-4A56-8212-D78BB8E2A45F}.Debug|Any CPU.ActiveCfg = Debug|Any CPU
		{EEAEA1C6-F49D-4A56-8212-D78BB8E2A45F}.Debug|Any CPU.Build.0 = Debug|Any CPU
		{EEAEA1C6-F49D-4A56-8212-D78BB8E2A45F}.Release|Any CPU.ActiveCfg = Release|Any CPU
		{EEAEA1C6-F49D-4A56-8212-D78BB8E2A45F}.Release|Any CPU.Build.0 = Release|Any CPU
		{B2DC011F-49C3-4C95-A628-7D7730B817A1}.Debug|Any CPU.ActiveCfg = Debug|Any CPU
		{B2DC011F-49C3-4C95-A628-7D7730B817A1}.Debug|Any CPU.Build.0 = Debug|Any CPU
		{B2DC011F-49C3-4C95-A628-7D7730B817A1}.Release|Any CPU.ActiveCfg = Release|Any CPU
		{B2DC011F-49C3-4C95-A628-7D7730B817A1}.Release|Any CPU.Build.0 = Release|Any CPU
		{A19403D8-7D90-4C41-88BC-9D76FBE8661D}.Debug|Any CPU.ActiveCfg = Debug|Any CPU
		{A19403D8-7D90-4C41-88BC-9D76FBE8661D}.Debug|Any CPU.Build.0 = Debug|Any CPU
		{A19403D8-7D90-4C41-88BC-9D76FBE8661D}.Release|Any CPU.ActiveCfg = Release|Any CPU
		{A19403D8-7D90-4C41-88BC-9D76FBE8661D}.Release|Any CPU.Build.0 = Release|Any CPU
		{5A3D1CAF-FE5F-4249-BEFB-42A4B5160F07}.Debug|Any CPU.ActiveCfg = Debug|Any CPU
		{5A3D1CAF-FE5F-4249-BEFB-42A4B5160F07}.Debug|Any CPU.Build.0 = Debug|Any CPU
		{5A3D1CAF-FE5F-4249-BEFB-42A4B5160F07}.Release|Any CPU.ActiveCfg = Release|Any CPU
		{5A3D1CAF-FE5F-4249-BEFB-42A4B5160F07}.Release|Any CPU.Build.0 = Release|Any CPU
		{5F325C11-5507-4E48-B85D-AB7B458ED7CB}.Debug|Any CPU.ActiveCfg = Debug|Any CPU
		{5F325C11-5507-4E48-B85D-AB7B458ED7CB}.Debug|Any CPU.Build.0 = Debug|Any CPU
		{5F325C11-5507-4E48-B85D-AB7B458ED7CB}.Release|Any CPU.ActiveCfg = Release|Any CPU
		{5F325C11-5507-4E48-B85D-AB7B458ED7CB}.Release|Any CPU.Build.0 = Release|Any CPU
		{09F9096D-82B8-4B2D-910E-1419119F24C2}.Debug|Any CPU.ActiveCfg = Debug|Any CPU
		{09F9096D-82B8-4B2D-910E-1419119F24C2}.Debug|Any CPU.Build.0 = Debug|Any CPU
		{09F9096D-82B8-4B2D-910E-1419119F24C2}.Release|Any CPU.ActiveCfg = Release|Any CPU
		{09F9096D-82B8-4B2D-910E-1419119F24C2}.Release|Any CPU.Build.0 = Release|Any CPU
		{7D170E6B-A552-4BE7-AF89-CF5D15D577DE}.Debug|Any CPU.ActiveCfg = Debug|Any CPU
		{7D170E6B-A552-4BE7-AF89-CF5D15D577DE}.Debug|Any CPU.Build.0 = Debug|Any CPU
		{7D170E6B-A552-4BE7-AF89-CF5D15D577DE}.Release|Any CPU.ActiveCfg = Release|Any CPU
		{7D170E6B-A552-4BE7-AF89-CF5D15D577DE}.Release|Any CPU.Build.0 = Release|Any CPU
		{DC600F99-86F4-417C-BC35-65808CE29242}.Debug|Any CPU.ActiveCfg = Debug|Any CPU
		{DC600F99-86F4-417C-BC35-65808CE29242}.Debug|Any CPU.Build.0 = Debug|Any CPU
		{DC600F99-86F4-417C-BC35-65808CE29242}.Release|Any CPU.ActiveCfg = Release|Any CPU
		{DC600F99-86F4-417C-BC35-65808CE29242}.Release|Any CPU.Build.0 = Release|Any CPU
		{CEC084C7-23EC-4978-AF76-050DAFBC03FF}.Debug|Any CPU.ActiveCfg = Debug|Any CPU
		{CEC084C7-23EC-4978-AF76-050DAFBC03FF}.Debug|Any CPU.Build.0 = Debug|Any CPU
		{CEC084C7-23EC-4978-AF76-050DAFBC03FF}.Release|Any CPU.ActiveCfg = Release|Any CPU
		{CEC084C7-23EC-4978-AF76-050DAFBC03FF}.Release|Any CPU.Build.0 = Release|Any CPU
		{C2313DF7-FC78-4237-B37B-A7756A4BCD4C}.Debug|Any CPU.ActiveCfg = Debug|Any CPU
		{C2313DF7-FC78-4237-B37B-A7756A4BCD4C}.Debug|Any CPU.Build.0 = Debug|Any CPU
		{C2313DF7-FC78-4237-B37B-A7756A4BCD4C}.Release|Any CPU.ActiveCfg = Release|Any CPU
		{C2313DF7-FC78-4237-B37B-A7756A4BCD4C}.Release|Any CPU.Build.0 = Release|Any CPU
		{A9F03C74-6790-43A4-BA47-94B29A579D2F}.Debug|Any CPU.ActiveCfg = Debug|Any CPU
		{A9F03C74-6790-43A4-BA47-94B29A579D2F}.Debug|Any CPU.Build.0 = Debug|Any CPU
		{A9F03C74-6790-43A4-BA47-94B29A579D2F}.Release|Any CPU.ActiveCfg = Release|Any CPU
		{A9F03C74-6790-43A4-BA47-94B29A579D2F}.Release|Any CPU.Build.0 = Release|Any CPU
		{C58C7400-6C3D-4E70-B144-11E5560D1928}.Debug|Any CPU.ActiveCfg = Debug|Any CPU
		{C58C7400-6C3D-4E70-B144-11E5560D1928}.Debug|Any CPU.Build.0 = Debug|Any CPU
		{C58C7400-6C3D-4E70-B144-11E5560D1928}.Release|Any CPU.ActiveCfg = Release|Any CPU
		{C58C7400-6C3D-4E70-B144-11E5560D1928}.Release|Any CPU.Build.0 = Release|Any CPU
		{074A331C-0CBB-4A8E-8F69-917305A290BB}.Debug|Any CPU.ActiveCfg = Debug|Any CPU
		{074A331C-0CBB-4A8E-8F69-917305A290BB}.Debug|Any CPU.Build.0 = Debug|Any CPU
		{074A331C-0CBB-4A8E-8F69-917305A290BB}.Release|Any CPU.ActiveCfg = Release|Any CPU
		{074A331C-0CBB-4A8E-8F69-917305A290BB}.Release|Any CPU.Build.0 = Release|Any CPU
		{987E2F4F-83B5-48F2-B056-98507D72C4D5}.Debug|Any CPU.ActiveCfg = Debug|Any CPU
		{987E2F4F-83B5-48F2-B056-98507D72C4D5}.Debug|Any CPU.Build.0 = Debug|Any CPU
		{987E2F4F-83B5-48F2-B056-98507D72C4D5}.Release|Any CPU.ActiveCfg = Release|Any CPU
		{987E2F4F-83B5-48F2-B056-98507D72C4D5}.Release|Any CPU.Build.0 = Release|Any CPU
		{24E5568A-BF34-4033-881D-61F47F64E2A0}.Debug|Any CPU.ActiveCfg = Debug|Any CPU
		{24E5568A-BF34-4033-881D-61F47F64E2A0}.Debug|Any CPU.Build.0 = Debug|Any CPU
		{24E5568A-BF34-4033-881D-61F47F64E2A0}.Release|Any CPU.ActiveCfg = Release|Any CPU
		{24E5568A-BF34-4033-881D-61F47F64E2A0}.Release|Any CPU.Build.0 = Release|Any CPU
		{610A6233-9D66-431C-94D9-D8ACCBAD8F1C}.Debug|Any CPU.ActiveCfg = Debug|Any CPU
		{610A6233-9D66-431C-94D9-D8ACCBAD8F1C}.Debug|Any CPU.Build.0 = Debug|Any CPU
		{610A6233-9D66-431C-94D9-D8ACCBAD8F1C}.Release|Any CPU.ActiveCfg = Release|Any CPU
		{610A6233-9D66-431C-94D9-D8ACCBAD8F1C}.Release|Any CPU.Build.0 = Release|Any CPU
		{AF775401-0441-4149-BC33-2F1EFF283D7C}.Debug|Any CPU.ActiveCfg = Debug|Any CPU
		{AF775401-0441-4149-BC33-2F1EFF283D7C}.Debug|Any CPU.Build.0 = Debug|Any CPU
		{AF775401-0441-4149-BC33-2F1EFF283D7C}.Release|Any CPU.ActiveCfg = Release|Any CPU
		{AF775401-0441-4149-BC33-2F1EFF283D7C}.Release|Any CPU.Build.0 = Release|Any CPU
		{0D58C82B-0E35-4BDB-9C72-D2F9ADAAABCA}.Debug|Any CPU.ActiveCfg = Debug|Any CPU
		{0D58C82B-0E35-4BDB-9C72-D2F9ADAAABCA}.Debug|Any CPU.Build.0 = Debug|Any CPU
		{0D58C82B-0E35-4BDB-9C72-D2F9ADAAABCA}.Release|Any CPU.ActiveCfg = Release|Any CPU
		{0D58C82B-0E35-4BDB-9C72-D2F9ADAAABCA}.Release|Any CPU.Build.0 = Release|Any CPU
		{885E9307-9323-4B13-B641-FE1AE142C52E}.Debug|Any CPU.ActiveCfg = Debug|Any CPU
		{885E9307-9323-4B13-B641-FE1AE142C52E}.Debug|Any CPU.Build.0 = Debug|Any CPU
		{885E9307-9323-4B13-B641-FE1AE142C52E}.Release|Any CPU.ActiveCfg = Release|Any CPU
		{885E9307-9323-4B13-B641-FE1AE142C52E}.Release|Any CPU.Build.0 = Release|Any CPU
		{D0B2D088-D04B-4B1C-BAF8-FBEB854B5094}.Debug|Any CPU.ActiveCfg = Debug|Any CPU
		{D0B2D088-D04B-4B1C-BAF8-FBEB854B5094}.Debug|Any CPU.Build.0 = Debug|Any CPU
		{D0B2D088-D04B-4B1C-BAF8-FBEB854B5094}.Release|Any CPU.ActiveCfg = Release|Any CPU
		{D0B2D088-D04B-4B1C-BAF8-FBEB854B5094}.Release|Any CPU.Build.0 = Release|Any CPU
		{B64D6EED-DC6D-4D3D-9F45-4639D3B8D2AC}.Debug|Any CPU.ActiveCfg = Debug|Any CPU
		{B64D6EED-DC6D-4D3D-9F45-4639D3B8D2AC}.Debug|Any CPU.Build.0 = Debug|Any CPU
		{B64D6EED-DC6D-4D3D-9F45-4639D3B8D2AC}.Release|Any CPU.ActiveCfg = Release|Any CPU
		{B64D6EED-DC6D-4D3D-9F45-4639D3B8D2AC}.Release|Any CPU.Build.0 = Release|Any CPU
		{259A5269-E552-40BC-A30D-86338CF006C7}.Debug|Any CPU.ActiveCfg = Debug|Any CPU
		{259A5269-E552-40BC-A30D-86338CF006C7}.Debug|Any CPU.Build.0 = Debug|Any CPU
		{259A5269-E552-40BC-A30D-86338CF006C7}.Release|Any CPU.ActiveCfg = Release|Any CPU
		{259A5269-E552-40BC-A30D-86338CF006C7}.Release|Any CPU.Build.0 = Release|Any CPU
		{7D2D530A-2BF1-4879-9AEA-47893631DDD2}.Debug|Any CPU.ActiveCfg = Debug|Any CPU
		{7D2D530A-2BF1-4879-9AEA-47893631DDD2}.Debug|Any CPU.Build.0 = Debug|Any CPU
		{7D2D530A-2BF1-4879-9AEA-47893631DDD2}.Release|Any CPU.ActiveCfg = Release|Any CPU
		{7D2D530A-2BF1-4879-9AEA-47893631DDD2}.Release|Any CPU.Build.0 = Release|Any CPU
		{5A958EA7-B124-4225-8CB4-4BD5DA09746D}.Debug|Any CPU.ActiveCfg = Debug|Any CPU
		{5A958EA7-B124-4225-8CB4-4BD5DA09746D}.Debug|Any CPU.Build.0 = Debug|Any CPU
		{5A958EA7-B124-4225-8CB4-4BD5DA09746D}.Release|Any CPU.ActiveCfg = Release|Any CPU
		{5A958EA7-B124-4225-8CB4-4BD5DA09746D}.Release|Any CPU.Build.0 = Release|Any CPU
		{6C80DCA8-FD28-45E2-9CCE-13197781FD95}.Debug|Any CPU.ActiveCfg = Debug|Any CPU
		{6C80DCA8-FD28-45E2-9CCE-13197781FD95}.Debug|Any CPU.Build.0 = Debug|Any CPU
		{6C80DCA8-FD28-45E2-9CCE-13197781FD95}.Release|Any CPU.ActiveCfg = Release|Any CPU
		{6C80DCA8-FD28-45E2-9CCE-13197781FD95}.Release|Any CPU.Build.0 = Release|Any CPU
		{814E4DD7-5EF4-42C5-83AA-A5AE68C9A485}.Debug|Any CPU.ActiveCfg = Debug|Any CPU
		{814E4DD7-5EF4-42C5-83AA-A5AE68C9A485}.Debug|Any CPU.Build.0 = Debug|Any CPU
		{814E4DD7-5EF4-42C5-83AA-A5AE68C9A485}.Release|Any CPU.ActiveCfg = Release|Any CPU
		{814E4DD7-5EF4-42C5-83AA-A5AE68C9A485}.Release|Any CPU.Build.0 = Release|Any CPU
		{ED0A4F7C-6C39-4D6D-8715-73826063DE9A}.Debug|Any CPU.ActiveCfg = Debug|Any CPU
		{ED0A4F7C-6C39-4D6D-8715-73826063DE9A}.Debug|Any CPU.Build.0 = Debug|Any CPU
		{ED0A4F7C-6C39-4D6D-8715-73826063DE9A}.Release|Any CPU.ActiveCfg = Release|Any CPU
		{ED0A4F7C-6C39-4D6D-8715-73826063DE9A}.Release|Any CPU.Build.0 = Release|Any CPU
		{7B9AABC5-06FC-4512-87F1-763B48AD7827}.Debug|Any CPU.ActiveCfg = Debug|Any CPU
		{7B9AABC5-06FC-4512-87F1-763B48AD7827}.Debug|Any CPU.Build.0 = Debug|Any CPU
		{7B9AABC5-06FC-4512-87F1-763B48AD7827}.Release|Any CPU.ActiveCfg = Release|Any CPU
		{7B9AABC5-06FC-4512-87F1-763B48AD7827}.Release|Any CPU.Build.0 = Release|Any CPU
		{C69F0836-B2D1-4A76-A07E-BF88C03589C2}.Debug|Any CPU.ActiveCfg = Debug|Any CPU
		{C69F0836-B2D1-4A76-A07E-BF88C03589C2}.Debug|Any CPU.Build.0 = Debug|Any CPU
		{C69F0836-B2D1-4A76-A07E-BF88C03589C2}.Release|Any CPU.ActiveCfg = Release|Any CPU
		{C69F0836-B2D1-4A76-A07E-BF88C03589C2}.Release|Any CPU.Build.0 = Release|Any CPU
		{68E1BC21-CEA8-4E49-8553-70B3563BDDEB}.Debug|Any CPU.ActiveCfg = Debug|Any CPU
		{68E1BC21-CEA8-4E49-8553-70B3563BDDEB}.Debug|Any CPU.Build.0 = Debug|Any CPU
		{68E1BC21-CEA8-4E49-8553-70B3563BDDEB}.Release|Any CPU.ActiveCfg = Release|Any CPU
		{68E1BC21-CEA8-4E49-8553-70B3563BDDEB}.Release|Any CPU.Build.0 = Release|Any CPU
		{984FCBE7-96B9-489D-A45D-082594470F5C}.Debug|Any CPU.ActiveCfg = Debug|Any CPU
		{984FCBE7-96B9-489D-A45D-082594470F5C}.Debug|Any CPU.Build.0 = Debug|Any CPU
		{984FCBE7-96B9-489D-A45D-082594470F5C}.Release|Any CPU.ActiveCfg = Release|Any CPU
		{984FCBE7-96B9-489D-A45D-082594470F5C}.Release|Any CPU.Build.0 = Release|Any CPU
		{78469225-9BC6-4ACA-8EDB-671FE9DBD9AD}.Debug|Any CPU.ActiveCfg = Debug|Any CPU
		{78469225-9BC6-4ACA-8EDB-671FE9DBD9AD}.Debug|Any CPU.Build.0 = Debug|Any CPU
		{78469225-9BC6-4ACA-8EDB-671FE9DBD9AD}.Release|Any CPU.ActiveCfg = Release|Any CPU
		{78469225-9BC6-4ACA-8EDB-671FE9DBD9AD}.Release|Any CPU.Build.0 = Release|Any CPU
		{7C1CD719-83E1-4287-B2B7-17776E41AABD}.Debug|Any CPU.ActiveCfg = Debug|Any CPU
		{7C1CD719-83E1-4287-B2B7-17776E41AABD}.Debug|Any CPU.Build.0 = Debug|Any CPU
		{7C1CD719-83E1-4287-B2B7-17776E41AABD}.Release|Any CPU.ActiveCfg = Release|Any CPU
		{7C1CD719-83E1-4287-B2B7-17776E41AABD}.Release|Any CPU.Build.0 = Release|Any CPU
		{8646EFD0-AC9F-4E19-8205-9C70E3C7306A}.Debug|Any CPU.ActiveCfg = Debug|Any CPU
		{8646EFD0-AC9F-4E19-8205-9C70E3C7306A}.Debug|Any CPU.Build.0 = Debug|Any CPU
		{8646EFD0-AC9F-4E19-8205-9C70E3C7306A}.Release|Any CPU.ActiveCfg = Release|Any CPU
		{8646EFD0-AC9F-4E19-8205-9C70E3C7306A}.Release|Any CPU.Build.0 = Release|Any CPU
		{ED100960-EFE5-485F-9F0C-520F9E509714}.Debug|Any CPU.ActiveCfg = Debug|Any CPU
		{ED100960-EFE5-485F-9F0C-520F9E509714}.Debug|Any CPU.Build.0 = Debug|Any CPU
		{ED100960-EFE5-485F-9F0C-520F9E509714}.Release|Any CPU.ActiveCfg = Release|Any CPU
		{ED100960-EFE5-485F-9F0C-520F9E509714}.Release|Any CPU.Build.0 = Release|Any CPU
		{EFDE7ABD-264D-45D2-93DA-35AA912CE715}.Debug|Any CPU.ActiveCfg = Debug|Any CPU
		{EFDE7ABD-264D-45D2-93DA-35AA912CE715}.Debug|Any CPU.Build.0 = Debug|Any CPU
		{EFDE7ABD-264D-45D2-93DA-35AA912CE715}.Release|Any CPU.ActiveCfg = Release|Any CPU
		{EFDE7ABD-264D-45D2-93DA-35AA912CE715}.Release|Any CPU.Build.0 = Release|Any CPU
		{BC810A6F-B4ED-41AC-A483-40B78697B50E}.Debug|Any CPU.ActiveCfg = Debug|Any CPU
		{BC810A6F-B4ED-41AC-A483-40B78697B50E}.Debug|Any CPU.Build.0 = Debug|Any CPU
		{BC810A6F-B4ED-41AC-A483-40B78697B50E}.Release|Any CPU.ActiveCfg = Release|Any CPU
		{BC810A6F-B4ED-41AC-A483-40B78697B50E}.Release|Any CPU.Build.0 = Release|Any CPU
		{91B1C70C-1EA8-4716-BD22-C5708FDD6BC2}.Debug|Any CPU.ActiveCfg = Debug|Any CPU
		{91B1C70C-1EA8-4716-BD22-C5708FDD6BC2}.Debug|Any CPU.Build.0 = Debug|Any CPU
		{91B1C70C-1EA8-4716-BD22-C5708FDD6BC2}.Release|Any CPU.ActiveCfg = Release|Any CPU
		{91B1C70C-1EA8-4716-BD22-C5708FDD6BC2}.Release|Any CPU.Build.0 = Release|Any CPU
	EndGlobalSection
	GlobalSection(SolutionProperties) = preSolution
		HideSolutionNode = FALSE
	EndGlobalSection
	GlobalSection(ExtensibilityGlobals) = postSolution
		SolutionGuid = {09BEF250-63CB-45BF-B4D5-30C082EEDA19}
	EndGlobalSection
EndGlobal
