
Microsoft Visual Studio Solution File, Format Version 12.00
# Visual Studio Version 17
VisualStudioVersion = 17.3.32804.467
MinimumVisualStudioVersion = 10.0.40219.1
Project("{FAE04EC0-301F-11D3-BF4B-00C04F79EFBC}") = "01_Methods", "01_Methods\01_Methods.csproj", "{EE3E2DA7-121A-4D0F-89DA-82FA333EBC0E}"
EndProject
Global
	GlobalSection(SolutionConfigurationPlatforms) = preSolution
		Debug|Any CPU = Debug|Any CPU
		Release|Any CPU = Release|Any CPU
	EndGlobalSection
	GlobalSection(ProjectConfigurationPlatforms) = postSolution
		{EE3E2DA7-121A-4D0F-89DA-82FA333EBC0E}.Debug|Any CPU.ActiveCfg = Debug|Any CPU
		{EE3E2DA7-121A-4D0F-89DA-82FA333EBC0E}.Debug|Any CPU.Build.0 = Debug|Any CPU
		{EE3E2DA7-121A-4D0F-89DA-82FA333EBC0E}.Release|Any CPU.ActiveCfg = Release|Any CPU
		{EE3E2DA7-121A-4D0F-89DA-82FA333EBC0E}.Release|Any CPU.Build.0 = Release|Any CPU
	EndGlobalSection
	GlobalSection(SolutionProperties) = preSolution
		HideSolutionNode = FALSE
	EndGlobalSection
	GlobalSection(ExtensibilityGlobals) = postSolution
		SolutionGuid = {09BEF250-63CB-45BF-B4D5-30C082EEDA19}
	EndGlobalSection
EndGlobal
